bitbucket.org/creachadair/shell v0.0.8 h1:3yM6JcAfaGWzjzcCamTblzSIWXm/YSs0PFGIzBm2HTo=
bitbucket.org/creachadair/shell v0.0.8/go.mod h1:vINzudofoUXZSJ5tREgpy+Etyjsag3ait5WOWImEVZ0=
bitbucket.org/creachadair/stringset v0.0.14 h1:t1ejQyf8utS4GZV/4fM+1gvYucggZkfhb+tMobDxYOE=
bitbucket.org/creachadair/stringset v0.0.14/go.mod h1:Ej8fsr6rQvmeMDf6CCWMWGb14H9mz8kmDgPPTdiVT0w=
github.com/creachadair/atomicfile v0.4.0 h1:umZ+njabCI7eeMLWXFRuUy83iQSiA8qnUj8MH04pfbM=
github.com/creachadair/atomicfile v0.4.0/go.mod h1:OyQCzy3n5KhEXHcHxSzZ7BbRt7QmeVkaiMJmtENydDI=
github.com/creachadair/jrpc2 v1.3.4 h1:3bDFDlRORVAVuzBSpi4b81seIYZPSgdfZQQgGbGCbAA=
github.com/creachadair/jrpc2 v1.3.4/go.mod h1:Rp2wYJ0fmAt66JlyLe+1zdM/a2DN5XmqffqDxANan+I=
github.com/creachadair/mds v0.25.15 h1:i8CUqtfgbCqbvZ++L7lm8No3cOeic9YKF4vHEvEoj+Y=
github.com/creachadair/mds v0.25.15/go.mod h1:XtMfRW15sjd1iOi1Z1k+dq0pRsR5xPbulpoTrpyhk8w=
github.com/creack/pty v1.1.9/go.mod h1:oKZEueFk5CKHvIhNR5MUki03XCEU+Q6VDXinZuGJ33E=
github.com/google/go-cmp v0.7.0 h1:wk8382ETsv4JYUZwIsn6YpYiWiBsYLSJiTsyBybVuN8=
github.com/google/go-cmp v0.7.0/go.mod h1:pXiqmnSA92OHEEa9HXL2W4E7lf9JzCmGVUdgjX3N/iU=
github.com/kr/pty v1.1.1/go.mod h1:pFQYn66WHrOpPYNljwOMqo10TkYh1fy3cYio2l3bCsQ=
github.com/kr/text v0.1.0/go.mod h1:4Jbv+DJW3UT/LiOwJeYQe1efqtUx/iVham/4vfdArNI=
github.com/kr/text v0.2.0 h1:5Nx0Ya0ZqY2ygV366QzturHI13Jq95ApcVaJBhpS+AY=
github.com/kr/text v0.2.0/go.mod h1:eLer722TekiGuMkidMxC/pM04lWEeraHUUmBw8l2grE=
github.com/niemeyer/pretty v0.0.0-20200227124842-a10e7caefd8e h1:fD57ERR4JtEqsWbfPhv4DMiApHyliiK5xCTNVSPiaAs=
github.com/niemeyer/pretty v0.0.0-20200227124842-a10e7caefd8e/go.mod h1:zD1mROLANZcx1PVRCS0qkT7pwLkGfwJo4zjcN/Tysno=
golang.org/x/sync v0.19.0 h1:vV+1eWNmZ5geRlYjzm2adRgW2/mcpevXNg50YZtPCE4=
golang.org/x/sync v0.19.0/go.mod h1:9KTHXmSnoGruLpwFjVSX0lNNA75CykiMECbovNTZqGI=
golang.org/x/sys v0.41.0 h1:Ivj+2Cp/ylzLiEU89QhWblYnOE9zerudt9Ftecq2C6k=
golang.org/x/sys v0.41.0/go.mod h1:OgkHotnGiDImocRcuBABYBEXf8A9a87e/uXjp9XT3ks=
golang.org/x/term v0.40.0 h1:36e4zGLqU4yhjlmxEaagx2KuYbJq3EwY8K943ZsHcvg=
golang.org/x/term v0.40.0/go.mod h1:w2P8uVp06p2iyKKuvXIm7N/y0UCRt3UfJTfZ7oOpglM=
gopkg.in/check.v1 v0.0.0-20161208181325-20d25e280405/go.mod h1:Co6ibVJAznAaIkqp8huTwlJQCZ016jof/cbN4VW5Yz0=
gopkg.in/check.v1 v1.0.0-20200227125254-8fa46927fb4f h1:BLraFXnmrev5lT+xlilqcH8XK9/i0At2xKjWk4p6zsU=
gopkg.in/check.v1 v1.0.0-20200227125254-8fa46927fb4f/go.mod h1:Co6ibVJAznAaIkqp8huTwlJQCZ016jof/cbN4VW5Yz0=
gopkg.in/yaml.v3 v3.0.1 h1:fxVm/GzAzEWqLHuvctI91KS9hhNmmWOoWu0XTYJS7CA=
gopkg.in/yaml.v3 v3.0.1/go.mod h1:K4uyk7z7BCEPqu6E+C64Yfv1cQ7kz7rIZviUmN+EgEM=
