bitbucket.org/creachadair/fileinput v0.0.1 h1:y773L//m7mfGOSQDR4RaiyIUuvQCHXyAxW9mFstP7xE=
bitbucket.org/creachadair/fileinput v0.0.1/go.mod h1:vtoK0DX4p1rIVq3N9ixFs4mbSRycsoRr78iRyizbnus=
bitbucket.org/creachadair/getpass v0.0.2/go.mod h1:/MCNdfWnl5p3BYJdgmDRcevHiOCovCWNefh6EaN6LpY=
bitbucket.org/creachadair/jrpc2 v0.0.54 h1:tktG8WOXuTuOS3KfsX9MXkbhDqCZdR6eAzOrOfQH43c=
bitbucket.org/creachadair/jrpc2 v0.0.54/go.mod h1:XkZWAVGxrfJ4iHCLdF/rr+bHzrQWCH7PnUKHuPVBttc=
bitbucket.org/creachadair/keyfish v0.0.19 h1:uWoAhG5rXhNcmoKj1Vs0Xv4+VnkCkVEtM1JnqwoQPj8=
bitbucket.org/creachadair/keyfish v0.0.19/go.mod h1://NKkGKtORsoBcS/lCwLeg41GY+WUZIHKvQxKI5zZDY=
bitbucket.org/creachadair/shell v0.0.4 h1:pQaJRbIWVEQKoNI7rGMRlLk1vu6RaPR6I5huNBoDEVw=
bitbucket.org/creachadair/shell v0.0.4/go.mod h1:ysdp8K5OqvK7lJI3ZNP0I7prXD4kWyDWxozmc04IFpE=
bitbucket.org/creachadair/stringset v0.0.3 h1:VmH2SQ+vEqTSgPHpiVZcGF/21spNbmJ86sSgkb8XMFU=
bitbucket.org/creachadair/stringset v0.0.3/go.mod h1:RieQmTKc3bD7Tg+9AnSl6lOoTpWD95zIxZFurx/cxM4=
github.com/kr/pretty v0.1.0 h1:L/CwN0zerZDmRFUapSPitk6f+Q3+0za1rQkzVuMiMFI=
github.com/kr/pretty v0.1.0/go.mod h1:dAy3ld7l9f0ibDNOQOHHMYYIIbhfbHSm3C4ZsoJORNo=
github.com/kr/pty v1.1.1/go.mod h1:pFQYn66WHrOpPYNljwOMqo10TkYh1fy3cYio2l3bCsQ=
github.com/kr/text v0.1.0 h1:45sCR5RtlFHMR4UwH9sdQ5TC8v0qDQCHnXt+kaKSTVE=
github.com/kr/text v0.1.0/go.mod h1:4Jbv+DJW3UT/LiOwJeYQe1efqtUx/iVham/4vfdArNI=
github.com/kylelemons/godebug v0.0.0-20170820004349-d65d576e9348 h1:MtvEpTB6LX3vkb4ax0b5D2DHbNAUsen0Gx5wZoq3lV4=
github.com/kylelemons/godebug v0.0.0-20170820004349-d65d576e9348/go.mod h1:B69LEHPfb2qLo0BaaOLcbitczOKLWTsrBG9LczfCD4k=
golang.org/x/crypto v0.0.0-20190211182817-74369b46fc67 h1:ng3VDlRp5/DHpSWl02R4rM9I+8M2rhmsuLwAMmkLQWE=
golang.org/x/crypto v0.0.0-20190211182817-74369b46fc67/go.mod h1:6SG95UA2DQfeDnfUPMdvaQW0Q7yPrPDi9nlGo2tz2b4=
golang.org/x/sync v0.0.0-20181221193216-37e7f081c4d4 h1:YUO/7uOKsKeq9UokNS62b8FYywz3ker1l1vDZRCRefw=
golang.org/x/sync v0.0.0-20181221193216-37e7f081c4d4/go.mod h1:RxMgew5VJxzue5/jJTE5uejpjVlOe/izrB70Jof72aM=
golang.org/x/sys v0.0.0-20181221143128-b4a75ba826a6 h1:IcgEB62HYgAhX0Nd/QrVgZlxlcyxbGQHElLUhW2X4Fo=
golang.org/x/sys v0.0.0-20181221143128-b4a75ba826a6/go.mod h1:STP8DvDyc/dI5b8T5hshtkjS+E42TnysNCUPdjciGhY=
golang.org/x/sys v0.0.0-20190213121743-983097b1a8a3 h1:+KlxhGbYkFs8lMfwKn+2ojry1ID5eBSMXprS2u/wqCE=
golang.org/x/sys v0.0.0-20190213121743-983097b1a8a3/go.mod h1:STP8DvDyc/dI5b8T5hshtkjS+E42TnysNCUPdjciGhY=
gopkg.in/check.v1 v0.0.0-20161208181325-20d25e280405/go.mod h1:Co6ibVJAznAaIkqp8huTwlJQCZ016jof/cbN4VW5Yz0=
gopkg.in/check.v1 v1.0.0-20180628173108-788fd7840127 h1:qIbj1fsPNlZgppZ+VLlY7N33q108Sa+fhmuc+sWQYwY=
gopkg.in/check.v1 v1.0.0-20180628173108-788fd7840127/go.mod h1:Co6ibVJAznAaIkqp8huTwlJQCZ016jof/cbN4VW5Yz0=
gopkg.in/yaml.v2 v2.2.2 h1:ZCJp+EgiOT7lHqUV2J862kp8Qj64Jo6az82+3Td9dZw=
gopkg.in/yaml.v2 v2.2.2/go.mod h1:hI93XBmqTisBFMUTm0b8Fm+jr3Dg1NNxqwp+5A1VGuI=
